
Microsoft Visual Studio Solution File, Format Version 12.00
# Visual Studio Version 17
VisualStudioVersion = 17.3.32811.315
MinimumVisualStudioVersion = 10.0.40219.1
Project("{9A19103F-16F7-4668-BE54-9A1E7A4F7556}") = "CarAuction", "CarAuction\CarAuction.csproj", "{4650F16E-0119-45F3-9ADD-46306BA6B895}"
EndProject
Global
	GlobalSection(SolutionConfigurationPlatforms) = preSolution
		Debug|Any CPU = Debug|Any CPU
		Release|Any CPU = Release|Any CPU
	EndGlobalSection
	GlobalSection(ProjectConfigurationPlatforms) = postSolution
		{4650F16E-0119-45F3-9ADD-46306BA6B895}.Debug|Any CPU.ActiveCfg = Debug|Any CPU
		{4650F16E-0119-45F3-9ADD-46306BA6B895}.Debug|Any CPU.Build.0 = Debug|Any CPU
		{4650F16E-0119-45F3-9ADD-46306BA6B895}.Release|Any CPU.ActiveCfg = Release|Any CPU
		{4650F16E-0119-45F3-9ADD-46306BA6B895}.Release|Any CPU.Build.0 = Release|Any CPU
	EndGlobalSection
	GlobalSection(SolutionProperties) = preSolution
		HideSolutionNode = FALSE
	EndGlobalSection
	GlobalSection(ExtensibilityGlobals) = postSolution
		SolutionGuid = {6FDE25DC-7CDD-4916-990B-09317F2790EA}
	EndGlobalSection
EndGlobal
